// !$*UTF8*$!
{
	archiveVersion = 1;
	classes = {
	};
	objectVersion = 46;
	objects = {

/* Begin PBXBuildFile section */
		0E2397C91BF39A5000515406 /* Vec3.cpp in Sources */ = {isa = PBXBuildFile; fileRef = 0E2397C81BF39A5000515406 /* Vec3.cpp */; };
		0E4714101C106155004FBA02 /* ConstraintForce.cpp in Sources */ = {isa = PBXBuildFile; fileRef = 0E47140E1C106155004FBA02 /* ConstraintForce.cpp */; };
		0E4714131C106160004FBA02 /* SpringForce.cpp in Sources */ = {isa = PBXBuildFile; fileRef = 0E4714111C106160004FBA02 /* SpringForce.cpp */; };
		0E7312CB1C0B67660001483C /* Physics.cpp in Sources */ = {isa = PBXBuildFile; fileRef = 0E7312C91C0B67660001483C /* Physics.cpp */; };
		0E7312CE1C0B682A0001483C /* RigidBar.cpp in Sources */ = {isa = PBXBuildFile; fileRef = 0E7312CC1C0B682A0001483C /* RigidBar.cpp */; };
		0E7312D11C0B68330001483C /* Spring.cpp in Sources */ = {isa = PBXBuildFile; fileRef = 0E7312CF1C0B68330001483C /* Spring.cpp */; };
		0E7312D61C0B90510001483C /* Matrix.cpp in Sources */ = {isa = PBXBuildFile; fileRef = 0E7312D51C0B90510001483C /* Matrix.cpp */; };
		0EF28A051C060B94008D0577 /* Particle.cpp in Sources */ = {isa = PBXBuildFile; fileRef = 0EF28A031C060B94008D0577 /* Particle.cpp */; };
		0EFB15B21C0A3EC600FDE80F /* Force.cpp in Sources */ = {isa = PBXBuildFile; fileRef = 0EFB15B01C0A3EC600FDE80F /* Force.cpp */; };
		5133EF7C1BF3921D0060B7EF /* main.cpp in Sources */ = {isa = PBXBuildFile; fileRef = 5133EF7B1BF3921D0060B7EF /* main.cpp */; };
/* End PBXBuildFile section */

/* Begin PBXCopyFilesBuildPhase section */
		5133EF761BF3921D0060B7EF /* CopyFiles */ = {
			isa = PBXCopyFilesBuildPhase;
			buildActionMask = 2147483647;
			dstPath = /usr/share/man/man1/;
			dstSubfolderSpec = 0;
			files = (
			);
			runOnlyForDeploymentPostprocessing = 1;
		};
/* End PBXCopyFilesBuildPhase section */

/* Begin PBXFileReference section */
		0E2397C71BF39A5000515406 /* Vec3.hpp */ = {isa = PBXFileReference; fileEncoding = 4; lastKnownFileType = sourcecode.cpp.h; path = Vec3.hpp; sourceTree = "<group>"; };
		0E2397C81BF39A5000515406 /* Vec3.cpp */ = {isa = PBXFileReference; fileEncoding = 4; lastKnownFileType = sourcecode.cpp.cpp; path = Vec3.cpp; sourceTree = "<group>"; };
		0E47140E1C106155004FBA02 /* ConstraintForce.cpp */ = {isa = PBXFileReference; fileEncoding = 4; lastKnownFileType = sourcecode.cpp.cpp; path = ConstraintForce.cpp; sourceTree = "<group>"; };
		0E47140F1C106155004FBA02 /* ConstraintForce.hpp */ = {isa = PBXFileReference; fileEncoding = 4; lastKnownFileType = sourcecode.cpp.h; path = ConstraintForce.hpp; sourceTree = "<group>"; };
		0E4714111C106160004FBA02 /* SpringForce.cpp */ = {isa = PBXFileReference; fileEncoding = 4; lastKnownFileType = sourcecode.cpp.cpp; path = SpringForce.cpp; sourceTree = "<group>"; };
		0E4714121C106160004FBA02 /* SpringForce.hpp */ = {isa = PBXFileReference; fileEncoding = 4; lastKnownFileType = sourcecode.cpp.h; path = SpringForce.hpp; sourceTree = "<group>"; };
		0E7312C91C0B67660001483C /* Physics.cpp */ = {isa = PBXFileReference; fileEncoding = 4; lastKnownFileType = sourcecode.cpp.cpp; path = Physics.cpp; sourceTree = "<group>"; };
		0E7312CA1C0B67660001483C /* Physics.hpp */ = {isa = PBXFileReference; fileEncoding = 4; lastKnownFileType = sourcecode.cpp.h; path = Physics.hpp; sourceTree = "<group>"; };
		0E7312CC1C0B682A0001483C /* RigidBar.cpp */ = {isa = PBXFileReference; fileEncoding = 4; lastKnownFileType = sourcecode.cpp.cpp; path = RigidBar.cpp; sourceTree = "<group>"; };
		0E7312CD1C0B682A0001483C /* RigidBar.hpp */ = {isa = PBXFileReference; fileEncoding = 4; lastKnownFileType = sourcecode.cpp.h; path = RigidBar.hpp; sourceTree = "<group>"; };
		0E7312CF1C0B68330001483C /* Spring.cpp */ = {isa = PBXFileReference; fileEncoding = 4; lastKnownFileType = sourcecode.cpp.cpp; path = Spring.cpp; sourceTree = "<group>"; };
		0E7312D01C0B68330001483C /* Spring.hpp */ = {isa = PBXFileReference; fileEncoding = 4; lastKnownFileType = sourcecode.cpp.h; path = Spring.hpp; sourceTree = "<group>"; };
		0E7312D41C0B904B0001483C /* Matrix.hpp */ = {isa = PBXFileReference; lastKnownFileType = sourcecode.cpp.h; path = Matrix.hpp; sourceTree = "<group>"; };
		0E7312D51C0B90510001483C /* Matrix.cpp */ = {isa = PBXFileReference; fileEncoding = 4; lastKnownFileType = sourcecode.cpp.cpp; path = Matrix.cpp; sourceTree = "<group>"; };
		0EF28A031C060B94008D0577 /* Particle.cpp */ = {isa = PBXFileReference; fileEncoding = 4; lastKnownFileType = sourcecode.cpp.cpp; path = Particle.cpp; sourceTree = "<group>"; };
		0EF28A041C060B94008D0577 /* Particle.hpp */ = {isa = PBXFileReference; fileEncoding = 4; lastKnownFileType = sourcecode.cpp.h; path = Particle.hpp; sourceTree = "<group>"; };
		0EFB15B01C0A3EC600FDE80F /* Force.cpp */ = {isa = PBXFileReference; fileEncoding = 4; lastKnownFileType = sourcecode.cpp.cpp; path = Force.cpp; sourceTree = "<group>"; };
		0EFB15B11C0A3EC600FDE80F /* Force.hpp */ = {isa = PBXFileReference; fileEncoding = 4; lastKnownFileType = sourcecode.cpp.h; path = Force.hpp; sourceTree = "<group>"; };
		5133EF781BF3921D0060B7EF /* Trabalho Anal Num */ = {isa = PBXFileReference; explicitFileType = "compiled.mach-o.executable"; includeInIndex = 0; path = "Trabalho Anal Num"; sourceTree = BUILT_PRODUCTS_DIR; };
		5133EF7B1BF3921D0060B7EF /* main.cpp */ = {isa = PBXFileReference; lastKnownFileType = sourcecode.cpp.cpp; path = main.cpp; sourceTree = "<group>"; };
/* End PBXFileReference section */

/* Begin PBXFrameworksBuildPhase section */
		5133EF751BF3921D0060B7EF /* Frameworks */ = {
			isa = PBXFrameworksBuildPhase;
			buildActionMask = 2147483647;
			files = (
			);
			runOnlyForDeploymentPostprocessing = 0;
		};
/* End PBXFrameworksBuildPhase section */

/* Begin PBXGroup section */
		0E4714141C10616F004FBA02 /* New Group2 */ = {
			isa = PBXGroup;
			children = (
				0E47140F1C106155004FBA02 /* ConstraintForce.hpp */,
				0E47140E1C106155004FBA02 /* ConstraintForce.cpp */,
				0E4714121C106160004FBA02 /* SpringForce.hpp */,
				0E4714111C106160004FBA02 /* SpringForce.cpp */,
			);
			name = "New Group2";
			sourceTree = "<group>";
		};
		0E7312D21C0B68430001483C /* New Group */ = {
			isa = PBXGroup;
			children = (
				0EF28A041C060B94008D0577 /* Particle.hpp */,
				0EF28A031C060B94008D0577 /* Particle.cpp */,
				0E7312CD1C0B682A0001483C /* RigidBar.hpp */,
				0E7312CC1C0B682A0001483C /* RigidBar.cpp */,
				0E7312D01C0B68330001483C /* Spring.hpp */,
				0E7312CF1C0B68330001483C /* Spring.cpp */,
			);
			name = "New Group";
			sourceTree = "<group>";
		};
		0E7312D31C0B69400001483C /* New Group1 */ = {
			isa = PBXGroup;
			children = (
				0E2397C71BF39A5000515406 /* Vec3.hpp */,
				0E2397C81BF39A5000515406 /* Vec3.cpp */,
				0E7312D41C0B904B0001483C /* Matrix.hpp */,
				0E7312D51C0B90510001483C /* Matrix.cpp */,
			);
			name = "New Group1";
			sourceTree = "<group>";
		};
		5133EF6F1BF3921D0060B7EF = {
			isa = PBXGroup;
			children = (
				5133EF7A1BF3921D0060B7EF /* Trabalho Anal Num */,
				5133EF791BF3921D0060B7EF /* Products */,
			);
			sourceTree = "<group>";
		};
		5133EF791BF3921D0060B7EF /* Products */ = {
			isa = PBXGroup;
			children = (
				5133EF781BF3921D0060B7EF /* Trabalho Anal Num */,
			);
			name = Products;
			sourceTree = "<group>";
		};
		5133EF7A1BF3921D0060B7EF /* Trabalho Anal Num */ = {
			isa = PBXGroup;
			children = (
				5133EF7B1BF3921D0060B7EF /* main.cpp */,
				0E7312D21C0B68430001483C /* New Group */,
				0E7312CA1C0B67660001483C /* Physics.hpp */,
				0E7312C91C0B67660001483C /* Physics.cpp */,
				0EFB15B11C0A3EC600FDE80F /* Force.hpp */,
				0EFB15B01C0A3EC600FDE80F /* Force.cpp */,
				0E4714141C10616F004FBA02 /* New Group2 */,
				0E7312D31C0B69400001483C /* New Group1 */,
			);
			path = "Trabalho Anal Num";
			sourceTree = "<group>";
		};
/* End PBXGroup section */

/* Begin PBXNativeTarget section */
		5133EF771BF3921D0060B7EF /* Trabalho Anal Num */ = {
			isa = PBXNativeTarget;
			buildConfigurationList = 5133EF7F1BF3921D0060B7EF /* Build configuration list for PBXNativeTarget "Trabalho Anal Num" */;
			buildPhases = (
				5133EF741BF3921D0060B7EF /* Sources */,
				5133EF751BF3921D0060B7EF /* Frameworks */,
				5133EF761BF3921D0060B7EF /* CopyFiles */,
			);
			buildRules = (
			);
			dependencies = (
			);
			name = "Trabalho Anal Num";
			productName = "Trabalho Anal Num";
			productReference = 5133EF781BF3921D0060B7EF /* Trabalho Anal Num */;
			productType = "com.apple.product-type.tool";
		};
/* End PBXNativeTarget section */

/* Begin PBXProject section */
		5133EF701BF3921D0060B7EF /* Project object */ = {
			isa = PBXProject;
			attributes = {
				LastUpgradeCheck = 0700;
				ORGANIZATIONNAME = "Joao e Coutinho";
				TargetAttributes = {
					5133EF771BF3921D0060B7EF = {
						CreatedOnToolsVersion = 7.0.1;
					};
				};
			};
			buildConfigurationList = 5133EF731BF3921D0060B7EF /* Build configuration list for PBXProject "Trabalho Anal Num" */;
			compatibilityVersion = "Xcode 3.2";
			developmentRegion = English;
			hasScannedForEncodings = 0;
			knownRegions = (
				en,
			);
			mainGroup = 5133EF6F1BF3921D0060B7EF;
			productRefGroup = 5133EF791BF3921D0060B7EF /* Products */;
			projectDirPath = "";
			projectRoot = "";
			targets = (
				5133EF771BF3921D0060B7EF /* Trabalho Anal Num */,
			);
		};
/* End PBXProject section */

/* Begin PBXSourcesBuildPhase section */
		5133EF741BF3921D0060B7EF /* Sources */ = {
			isa = PBXSourcesBuildPhase;
			buildActionMask = 2147483647;
			files = (
				0E4714131C106160004FBA02 /* SpringForce.cpp in Sources */,
				0E7312D61C0B90510001483C /* Matrix.cpp in Sources */,
				0E2397C91BF39A5000515406 /* Vec3.cpp in Sources */,
				0E4714101C106155004FBA02 /* ConstraintForce.cpp in Sources */,
				0E7312CE1C0B682A0001483C /* RigidBar.cpp in Sources */,
				0EFB15B21C0A3EC600FDE80F /* Force.cpp in Sources */,
				0E7312D11C0B68330001483C /* Spring.cpp in Sources */,
				0EF28A051C060B94008D0577 /* Particle.cpp in Sources */,
				0E7312CB1C0B67660001483C /* Physics.cpp in Sources */,
				5133EF7C1BF3921D0060B7EF /* main.cpp in Sources */,
			);
			runOnlyForDeploymentPostprocessing = 0;
		};
/* End PBXSourcesBuildPhase section */

/* Begin XCBuildConfiguration section */
		5133EF7D1BF3921D0060B7EF /* Debug */ = {
			isa = XCBuildConfiguration;
			buildSettings = {
				ALWAYS_SEARCH_USER_PATHS = NO;
				CLANG_CXX_LANGUAGE_STANDARD = "gnu++0x";
				CLANG_CXX_LIBRARY = "libc++";
				CLANG_ENABLE_MODULES = YES;
				CLANG_ENABLE_OBJC_ARC = YES;
				CLANG_WARN_BOOL_CONVERSION = YES;
				CLANG_WARN_CONSTANT_CONVERSION = YES;
				CLANG_WARN_DIRECT_OBJC_ISA_USAGE = YES_ERROR;
				CLANG_WARN_EMPTY_BODY = YES;
				CLANG_WARN_ENUM_CONVERSION = YES;
				CLANG_WARN_INT_CONVERSION = YES;
				CLANG_WARN_OBJC_ROOT_CLASS = YES_ERROR;
				CLANG_WARN_UNREACHABLE_CODE = YES;
				CLANG_WARN__DUPLICATE_METHOD_MATCH = YES;
				COPY_PHASE_STRIP = NO;
				DEBUG_INFORMATION_FORMAT = dwarf;
				ENABLE_STRICT_OBJC_MSGSEND = YES;
				ENABLE_TESTABILITY = YES;
				GCC_C_LANGUAGE_STANDARD = gnu99;
				GCC_DYNAMIC_NO_PIC = NO;
				GCC_NO_COMMON_BLOCKS = YES;
				GCC_OPTIMIZATION_LEVEL = 0;
				GCC_PREPROCESSOR_DEFINITIONS = (
					"DEBUG=1",
					"$(inherited)",
				);
				GCC_WARN_64_TO_32_BIT_CONVERSION = YES;
				GCC_WARN_ABOUT_RETURN_TYPE = YES_ERROR;
				GCC_WARN_UNDECLARED_SELECTOR = YES;
				GCC_WARN_UNINITIALIZED_AUTOS = YES_AGGRESSIVE;
				GCC_WARN_UNUSED_FUNCTION = YES;
				GCC_WARN_UNUSED_VARIABLE = YES;
				MACOSX_DEPLOYMENT_TARGET = 10.10;
				MTL_ENABLE_DEBUG_INFO = YES;
				ONLY_ACTIVE_ARCH = YES;
				SDKROOT = macosx;
			};
			name = Debug;
		};
		5133EF7E1BF3921D0060B7EF /* Release */ = {
			isa = XCBuildConfiguration;
			buildSettings = {
				ALWAYS_SEARCH_USER_PATHS = NO;
				CLANG_CXX_LANGUAGE_STANDARD = "gnu++0x";
				CLANG_CXX_LIBRARY = "libc++";
				CLANG_ENABLE_MODULES = YES;
				CLANG_ENABLE_OBJC_ARC = YES;
				CLANG_WARN_BOOL_CONVERSION = YES;
				CLANG_WARN_CONSTANT_CONVERSION = YES;
				CLANG_WARN_DIRECT_OBJC_ISA_USAGE = YES_ERROR;
				CLANG_WARN_EMPTY_BODY = YES;
				CLANG_WARN_ENUM_CONVERSION = YES;
				CLANG_WARN_INT_CONVERSION = YES;
				CLANG_WARN_OBJC_ROOT_CLASS = YES_ERROR;
				CLANG_WARN_UNREACHABLE_CODE = YES;
				CLANG_WARN__DUPLICATE_METHOD_MATCH = YES;
				COPY_PHASE_STRIP = NO;
				DEBUG_INFORMATION_FORMAT = "dwarf-with-dsym";
				ENABLE_NS_ASSERTIONS = NO;
				ENABLE_STRICT_OBJC_MSGSEND = YES;
				GCC_C_LANGUAGE_STANDARD = gnu99;
				GCC_NO_COMMON_BLOCKS = YES;
				GCC_WARN_64_TO_32_BIT_CONVERSION = YES;
				GCC_WARN_ABOUT_RETURN_TYPE = YES_ERROR;
				GCC_WARN_UNDECLARED_SELECTOR = YES;
				GCC_WARN_UNINITIALIZED_AUTOS = YES_AGGRESSIVE;
				GCC_WARN_UNUSED_FUNCTION = YES;
				GCC_WARN_UNUSED_VARIABLE = YES;
				MACOSX_DEPLOYMENT_TARGET = 10.10;
				MTL_ENABLE_DEBUG_INFO = NO;
				SDKROOT = macosx;
			};
			name = Release;
		};
		5133EF801BF3921D0060B7EF /* Debug */ = {
			isa = XCBuildConfiguration;
			buildSettings = {
				CLANG_CXX_LIBRARY = "libc++";
				PRODUCT_NAME = "$(TARGET_NAME)";
			};
			name = Debug;
		};
		5133EF811BF3921D0060B7EF /* Release */ = {
			isa = XCBuildConfiguration;
			buildSettings = {
				CLANG_CXX_LIBRARY = "libc++";
				PRODUCT_NAME = "$(TARGET_NAME)";
			};
			name = Release;
		};
/* End XCBuildConfiguration section */

/* Begin XCConfigurationList section */
		5133EF731BF3921D0060B7EF /* Build configuration list for PBXProject "Trabalho Anal Num" */ = {
			isa = XCConfigurationList;
			buildConfigurations = (
				5133EF7D1BF3921D0060B7EF /* Debug */,
				5133EF7E1BF3921D0060B7EF /* Release */,
			);
			defaultConfigurationIsVisible = 0;
			defaultConfigurationName = Release;
		};
		5133EF7F1BF3921D0060B7EF /* Build configuration list for PBXNativeTarget "Trabalho Anal Num" */ = {
			isa = XCConfigurationList;
			buildConfigurations = (
				5133EF801BF3921D0060B7EF /* Debug */,
				5133EF811BF3921D0060B7EF /* Release */,
			);
			defaultConfigurationIsVisible = 0;
			defaultConfigurationName = Release;
		};
/* End XCConfigurationList section */
	};
	rootObject = 5133EF701BF3921D0060B7EF /* Project object */;
}
